
Microsoft Visual Studio Solution File, Format Version 12.00
# Visual Studio Version 16
VisualStudioVersion = 16.0.28729.10
MinimumVisualStudioVersion = 10.0.40219.1
Project("{9A19103F-16F7-4668-BE54-9A1E7A4F7556}") = "SchoolLibrary", "SchoolLibrary\SchoolLibrary.csproj", "{35647896-FA0E-4731-89F1-D3B107C5BC5E}"
EndProject
Project("{FAE04EC0-301F-11D3-BF4B-00C04F79EFBC}") = "SchoolFormsApp", "SchoolFormsApp\SchoolFormsApp.csproj", "{27043968-7F58-43AB-8A5C-B7750F63F0AE}"
EndProject
Global
	GlobalSection(SolutionConfigurationPlatforms) = preSolution
		Debug|Any CPU = Debug|Any CPU
		Release|Any CPU = Release|Any CPU
	EndGlobalSection
	GlobalSection(ProjectConfigurationPlatforms) = postSolution
		{35647896-FA0E-4731-89F1-D3B107C5BC5E}.Debug|Any CPU.ActiveCfg = Debug|Any CPU
		{35647896-FA0E-4731-89F1-D3B107C5BC5E}.Debug|Any CPU.Build.0 = Debug|Any CPU
		{35647896-FA0E-4731-89F1-D3B107C5BC5E}.Release|Any CPU.ActiveCfg = Release|Any CPU
		{35647896-FA0E-4731-89F1-D3B107C5BC5E}.Release|Any CPU.Build.0 = Release|Any CPU
		{27043968-7F58-43AB-8A5C-B7750F63F0AE}.Debug|Any CPU.ActiveCfg = Debug|Any CPU
		{27043968-7F58-43AB-8A5C-B7750F63F0AE}.Debug|Any CPU.Build.0 = Debug|Any CPU
		{27043968-7F58-43AB-8A5C-B7750F63F0AE}.Release|Any CPU.ActiveCfg = Release|Any CPU
		{27043968-7F58-43AB-8A5C-B7750F63F0AE}.Release|Any CPU.Build.0 = Release|Any CPU
	EndGlobalSection
	GlobalSection(SolutionProperties) = preSolution
		HideSolutionNode = FALSE
	EndGlobalSection
	GlobalSection(ExtensibilityGlobals) = postSolution
		SolutionGuid = {9778258E-8898-453B-88C8-62A26F5B5F07}
	EndGlobalSection
EndGlobal
